
Microsoft Visual Studio Solution File, Format Version 12.00
# Visual Studio Version 16
VisualStudioVersion = 16.0.32106.194
MinimumVisualStudioVersion = 10.0.40219.1
Project("{2150E333-8FDC-42A3-9474-1A3956D46DE8}") = "src", "src", "{171C2FD2-852C-4B82-8A48-CA8628D9E482}"
EndProject
Project("{2150E333-8FDC-42A3-9474-1A3956D46DE8}") = "SolutionItems", "SolutionItems", "{9829237D-2456-47C4-AAC5-A3311871E5F9}"
EndProject
Project("{2150E333-8FDC-42A3-9474-1A3956D46DE8}") = "ApiGateways", "ApiGateways", "{4ACEB4E0-8B1F-41D9-A943-FD785DCDEE66}"
EndProject
Project("{2150E333-8FDC-42A3-9474-1A3956D46DE8}") = "BuildingBlocks", "BuildingBlocks", "{C190B40C-39F3-46D2-86F8-C8E560799C40}"
EndProject
Project("{2150E333-8FDC-42A3-9474-1A3956D46DE8}") = "Services", "Services", "{E72C292E-3FF0-47BE-9817-B5B99EF28FD7}"
EndProject
Project("{2150E333-8FDC-42A3-9474-1A3956D46DE8}") = "Clients", "Clients", "{B2FE93C5-C3A3-4EBE-B9F9-D9839BE90D6A}"
EndProject
Project("{2150E333-8FDC-42A3-9474-1A3956D46DE8}") = "Mobile", "Mobile", "{C5483CFF-8073-4E9B-9593-2940CF9CDDDB}"
EndProject
Project("{2150E333-8FDC-42A3-9474-1A3956D46DE8}") = "Web", "Web", "{7EC3A5D8-E845-42C9-BC90-B54BDDE6EBE8}"
EndProject
Project("{2150E333-8FDC-42A3-9474-1A3956D46DE8}") = "WebApiGateway", "WebApiGateway", "{B5D47452-3374-4A4B-9F9C-6454CC43468F}"
EndProject
Project("{FAE04EC0-301F-11D3-BF4B-00C04F79EFBC}") = "Web.ApiGateway", "ApiGateways\WebApiGateway\Web.ApiGateway\Web.ApiGateway.csproj", "{0637DE71-78A6-4CB9-A637-CB02F1AC0281}"
EndProject
Project("{2150E333-8FDC-42A3-9474-1A3956D46DE8}") = "EventBus", "EventBus", "{CC7FA74E-364E-4FA3-AB14-71A8A2FB05E1}"
EndProject
Project("{FAE04EC0-301F-11D3-BF4B-00C04F79EFBC}") = "EventBus.Base", "src\BuildingBlocks\EventBus\EventBus.Base\EventBus.Base.csproj", "{CBF0FD67-96EC-4CD3-A461-50D04F417724}"
EndProject
Project("{FAE04EC0-301F-11D3-BF4B-00C04F79EFBC}") = "EventBus.Factory", "src\BuildingBlocks\EventBus\EventBus.Factory\EventBus.Factory.csproj", "{0AC8FB01-F874-4E29-80B4-0DC25D3CE468}"
EndProject
Project("{FAE04EC0-301F-11D3-BF4B-00C04F79EFBC}") = "EventBus.AzureServiceBus", "src\BuildingBlocks\EventBus\EventBus.AzureServiceBus\EventBus.AzureServiceBus.csproj", "{CCB059D5-C1C6-496A-9DF8-FF45DD2C074E}"
EndProject
Project("{FAE04EC0-301F-11D3-BF4B-00C04F79EFBC}") = "EventBus.RabbitMQ", "src\BuildingBlocks\EventBus\EventBus.RabbitMQ\EventBus.RabbitMQ.csproj", "{75DD0185-0389-458B-9DED-E4D651862282}"
EndProject
Project("{2150E333-8FDC-42A3-9474-1A3956D46DE8}") = "BlazorWebApp", "BlazorWebApp", "{F047B360-CB71-46CF-8363-65108368A706}"
EndProject
Project("{FAE04EC0-301F-11D3-BF4B-00C04F79EFBC}") = "WebApp", "src\Clients\Web\BlazorWebApp\WebApp\WebApp.csproj", "{783B6364-64B2-4BC0-9F5B-23DDC2E90C64}"
EndProject
Project("{2150E333-8FDC-42A3-9474-1A3956D46DE8}") = "BasketService", "BasketService", "{CCD9EA53-4672-4653-9530-024A3F98B27D}"
EndProject
Project("{FAE04EC0-301F-11D3-BF4B-00C04F79EFBC}") = "BasketService.Api", "src\Services\BasketService\BasketService.Api\BasketService.Api.csproj", "{301D01A7-5171-4529-8F48-10F2BCDC76AD}"
EndProject
Project("{2150E333-8FDC-42A3-9474-1A3956D46DE8}") = "CatalogService", "CatalogService", "{0BD08ACB-5C23-4F28-9EA7-64098E9C4A57}"
EndProject
Project("{FAE04EC0-301F-11D3-BF4B-00C04F79EFBC}") = "CatalogService.Api", "src\Services\CatalogService\CatalogService\CatalogService.Api.csproj", "{9D4C492B-D6BB-4869-B15A-47075CE1CE0C}"
EndProject
Project("{2150E333-8FDC-42A3-9474-1A3956D46DE8}") = "IdentityService", "IdentityService", "{AD6DC1E8-4254-49DC-81FB-096FBE240797}"
EndProject
Project("{FAE04EC0-301F-11D3-BF4B-00C04F79EFBC}") = "IdentityService.Api", "src\Services\IdentityService\IdentityService.Api\IdentityService.Api.csproj", "{F9737CAD-83E8-4717-9206-6A60EAC3EF64}"
EndProject
Project("{2150E333-8FDC-42A3-9474-1A3956D46DE8}") = "NotificationService", "NotificationService", "{0BA30C73-4221-4996-B306-B55F258755C1}"
EndProject
Project("{FAE04EC0-301F-11D3-BF4B-00C04F79EFBC}") = "NotificationService", "src\Services\NotificationService\NotificationService\NotificationService.csproj", "{D9BE5ACE-F954-49E3-9360-FD261C60C426}"
EndProject
Project("{2150E333-8FDC-42A3-9474-1A3956D46DE8}") = "OrderService", "OrderService", "{E6297D8F-E795-41C3-AE98-651355F4FEED}"
EndProject
Project("{FAE04EC0-301F-11D3-BF4B-00C04F79EFBC}") = "OrderService.Domain", "src\Services\OrderService\OrderService.Domain\OrderService.Domain.csproj", "{7C751552-DE69-4087-B914-62FBEDDEF4FF}"
EndProject
Project("{FAE04EC0-301F-11D3-BF4B-00C04F79EFBC}") = "OrderService.Application", "src\Services\OrderService\OrderService.Application\OrderService.Application.csproj", "{595688AE-BAF8-459F-BFB5-1AF2635FFAB5}"
EndProject
Project("{FAE04EC0-301F-11D3-BF4B-00C04F79EFBC}") = "OrderService.Infrastructure", "src\Services\OrderService\OrderSErvice.Infrastructure\OrderService.Infrastructure.csproj", "{4597CFAE-86FD-4508-BD42-6C96EAC7884A}"
EndProject
Project("{FAE04EC0-301F-11D3-BF4B-00C04F79EFBC}") = "OrderSevice.Api", "src\Services\OrderService\OrderSevice.Api\OrderSevice.Api.csproj", "{BA60AE5E-0BF7-42AA-BEBE-2F72E2131213}"
EndProject
Project("{2150E333-8FDC-42A3-9474-1A3956D46DE8}") = "PaymentService", "PaymentService", "{BD65D2CA-305D-46D7-AAF2-B320FAFD97BF}"
EndProject
Project("{FAE04EC0-301F-11D3-BF4B-00C04F79EFBC}") = "PaymentService.Api", "src\Services\PaymentService\PaymentService.Api\PaymentService.Api.csproj", "{B074F817-F80C-45DF-8221-1C1D8480F6C5}"
EndProject
Global
	GlobalSection(SolutionConfigurationPlatforms) = preSolution
		Debug|Any CPU = Debug|Any CPU
		Release|Any CPU = Release|Any CPU
	EndGlobalSection
	GlobalSection(ProjectConfigurationPlatforms) = postSolution
		{0637DE71-78A6-4CB9-A637-CB02F1AC0281}.Debug|Any CPU.ActiveCfg = Debug|Any CPU
		{0637DE71-78A6-4CB9-A637-CB02F1AC0281}.Debug|Any CPU.Build.0 = Debug|Any CPU
		{0637DE71-78A6-4CB9-A637-CB02F1AC0281}.Release|Any CPU.ActiveCfg = Release|Any CPU
		{0637DE71-78A6-4CB9-A637-CB02F1AC0281}.Release|Any CPU.Build.0 = Release|Any CPU
		{CBF0FD67-96EC-4CD3-A461-50D04F417724}.Debug|Any CPU.ActiveCfg = Debug|Any CPU
		{CBF0FD67-96EC-4CD3-A461-50D04F417724}.Debug|Any CPU.Build.0 = Debug|Any CPU
		{CBF0FD67-96EC-4CD3-A461-50D04F417724}.Release|Any CPU.ActiveCfg = Release|Any CPU
		{CBF0FD67-96EC-4CD3-A461-50D04F417724}.Release|Any CPU.Build.0 = Release|Any CPU
		{0AC8FB01-F874-4E29-80B4-0DC25D3CE468}.Debug|Any CPU.ActiveCfg = Debug|Any CPU
		{0AC8FB01-F874-4E29-80B4-0DC25D3CE468}.Debug|Any CPU.Build.0 = Debug|Any CPU
		{0AC8FB01-F874-4E29-80B4-0DC25D3CE468}.Release|Any CPU.ActiveCfg = Release|Any CPU
		{0AC8FB01-F874-4E29-80B4-0DC25D3CE468}.Release|Any CPU.Build.0 = Release|Any CPU
		{CCB059D5-C1C6-496A-9DF8-FF45DD2C074E}.Debug|Any CPU.ActiveCfg = Debug|Any CPU
		{CCB059D5-C1C6-496A-9DF8-FF45DD2C074E}.Debug|Any CPU.Build.0 = Debug|Any CPU
		{CCB059D5-C1C6-496A-9DF8-FF45DD2C074E}.Release|Any CPU.ActiveCfg = Release|Any CPU
		{CCB059D5-C1C6-496A-9DF8-FF45DD2C074E}.Release|Any CPU.Build.0 = Release|Any CPU
		{75DD0185-0389-458B-9DED-E4D651862282}.Debug|Any CPU.ActiveCfg = Debug|Any CPU
		{75DD0185-0389-458B-9DED-E4D651862282}.Debug|Any CPU.Build.0 = Debug|Any CPU
		{75DD0185-0389-458B-9DED-E4D651862282}.Release|Any CPU.ActiveCfg = Release|Any CPU
		{75DD0185-0389-458B-9DED-E4D651862282}.Release|Any CPU.Build.0 = Release|Any CPU
		{783B6364-64B2-4BC0-9F5B-23DDC2E90C64}.Debug|Any CPU.ActiveCfg = Debug|Any CPU
		{783B6364-64B2-4BC0-9F5B-23DDC2E90C64}.Debug|Any CPU.Build.0 = Debug|Any CPU
		{783B6364-64B2-4BC0-9F5B-23DDC2E90C64}.Release|Any CPU.ActiveCfg = Release|Any CPU
		{783B6364-64B2-4BC0-9F5B-23DDC2E90C64}.Release|Any CPU.Build.0 = Release|Any CPU
		{301D01A7-5171-4529-8F48-10F2BCDC76AD}.Debug|Any CPU.ActiveCfg = Debug|Any CPU
		{301D01A7-5171-4529-8F48-10F2BCDC76AD}.Debug|Any CPU.Build.0 = Debug|Any CPU
		{301D01A7-5171-4529-8F48-10F2BCDC76AD}.Release|Any CPU.ActiveCfg = Release|Any CPU
		{301D01A7-5171-4529-8F48-10F2BCDC76AD}.Release|Any CPU.Build.0 = Release|Any CPU
		{9D4C492B-D6BB-4869-B15A-47075CE1CE0C}.Debug|Any CPU.ActiveCfg = Debug|Any CPU
		{9D4C492B-D6BB-4869-B15A-47075CE1CE0C}.Debug|Any CPU.Build.0 = Debug|Any CPU
		{9D4C492B-D6BB-4869-B15A-47075CE1CE0C}.Release|Any CPU.ActiveCfg = Release|Any CPU
		{9D4C492B-D6BB-4869-B15A-47075CE1CE0C}.Release|Any CPU.Build.0 = Release|Any CPU
		{F9737CAD-83E8-4717-9206-6A60EAC3EF64}.Debug|Any CPU.ActiveCfg = Debug|Any CPU
		{F9737CAD-83E8-4717-9206-6A60EAC3EF64}.Debug|Any CPU.Build.0 = Debug|Any CPU
		{F9737CAD-83E8-4717-9206-6A60EAC3EF64}.Release|Any CPU.ActiveCfg = Release|Any CPU
		{F9737CAD-83E8-4717-9206-6A60EAC3EF64}.Release|Any CPU.Build.0 = Release|Any CPU
		{D9BE5ACE-F954-49E3-9360-FD261C60C426}.Debug|Any CPU.ActiveCfg = Debug|Any CPU
		{D9BE5ACE-F954-49E3-9360-FD261C60C426}.Debug|Any CPU.Build.0 = Debug|Any CPU
		{D9BE5ACE-F954-49E3-9360-FD261C60C426}.Release|Any CPU.ActiveCfg = Release|Any CPU
		{D9BE5ACE-F954-49E3-9360-FD261C60C426}.Release|Any CPU.Build.0 = Release|Any CPU
		{7C751552-DE69-4087-B914-62FBEDDEF4FF}.Debug|Any CPU.ActiveCfg = Debug|Any CPU
		{7C751552-DE69-4087-B914-62FBEDDEF4FF}.Debug|Any CPU.Build.0 = Debug|Any CPU
		{7C751552-DE69-4087-B914-62FBEDDEF4FF}.Release|Any CPU.ActiveCfg = Release|Any CPU
		{7C751552-DE69-4087-B914-62FBEDDEF4FF}.Release|Any CPU.Build.0 = Release|Any CPU
		{595688AE-BAF8-459F-BFB5-1AF2635FFAB5}.Debug|Any CPU.ActiveCfg = Debug|Any CPU
		{595688AE-BAF8-459F-BFB5-1AF2635FFAB5}.Debug|Any CPU.Build.0 = Debug|Any CPU
		{595688AE-BAF8-459F-BFB5-1AF2635FFAB5}.Release|Any CPU.ActiveCfg = Release|Any CPU
		{595688AE-BAF8-459F-BFB5-1AF2635FFAB5}.Release|Any CPU.Build.0 = Release|Any CPU
		{4597CFAE-86FD-4508-BD42-6C96EAC7884A}.Debug|Any CPU.ActiveCfg = Debug|Any CPU
		{4597CFAE-86FD-4508-BD42-6C96EAC7884A}.Debug|Any CPU.Build.0 = Debug|Any CPU
		{4597CFAE-86FD-4508-BD42-6C96EAC7884A}.Release|Any CPU.ActiveCfg = Release|Any CPU
		{4597CFAE-86FD-4508-BD42-6C96EAC7884A}.Release|Any CPU.Build.0 = Release|Any CPU
		{BA60AE5E-0BF7-42AA-BEBE-2F72E2131213}.Debug|Any CPU.ActiveCfg = Debug|Any CPU
		{BA60AE5E-0BF7-42AA-BEBE-2F72E2131213}.Debug|Any CPU.Build.0 = Debug|Any CPU
		{BA60AE5E-0BF7-42AA-BEBE-2F72E2131213}.Release|Any CPU.ActiveCfg = Release|Any CPU
		{BA60AE5E-0BF7-42AA-BEBE-2F72E2131213}.Release|Any CPU.Build.0 = Release|Any CPU
		{B074F817-F80C-45DF-8221-1C1D8480F6C5}.Debug|Any CPU.ActiveCfg = Debug|Any CPU
		{B074F817-F80C-45DF-8221-1C1D8480F6C5}.Debug|Any CPU.Build.0 = Debug|Any CPU
		{B074F817-F80C-45DF-8221-1C1D8480F6C5}.Release|Any CPU.ActiveCfg = Release|Any CPU
		{B074F817-F80C-45DF-8221-1C1D8480F6C5}.Release|Any CPU.Build.0 = Release|Any CPU
	EndGlobalSection
	GlobalSection(SolutionProperties) = preSolution
		HideSolutionNode = FALSE
	EndGlobalSection
	GlobalSection(NestedProjects) = preSolution
		{4ACEB4E0-8B1F-41D9-A943-FD785DCDEE66} = {171C2FD2-852C-4B82-8A48-CA8628D9E482}
		{C190B40C-39F3-46D2-86F8-C8E560799C40} = {171C2FD2-852C-4B82-8A48-CA8628D9E482}
		{E72C292E-3FF0-47BE-9817-B5B99EF28FD7} = {171C2FD2-852C-4B82-8A48-CA8628D9E482}
		{B2FE93C5-C3A3-4EBE-B9F9-D9839BE90D6A} = {171C2FD2-852C-4B82-8A48-CA8628D9E482}
		{C5483CFF-8073-4E9B-9593-2940CF9CDDDB} = {B2FE93C5-C3A3-4EBE-B9F9-D9839BE90D6A}
		{7EC3A5D8-E845-42C9-BC90-B54BDDE6EBE8} = {B2FE93C5-C3A3-4EBE-B9F9-D9839BE90D6A}
		{B5D47452-3374-4A4B-9F9C-6454CC43468F} = {4ACEB4E0-8B1F-41D9-A943-FD785DCDEE66}
		{0637DE71-78A6-4CB9-A637-CB02F1AC0281} = {B5D47452-3374-4A4B-9F9C-6454CC43468F}
		{CC7FA74E-364E-4FA3-AB14-71A8A2FB05E1} = {C190B40C-39F3-46D2-86F8-C8E560799C40}
		{CBF0FD67-96EC-4CD3-A461-50D04F417724} = {CC7FA74E-364E-4FA3-AB14-71A8A2FB05E1}
		{0AC8FB01-F874-4E29-80B4-0DC25D3CE468} = {CC7FA74E-364E-4FA3-AB14-71A8A2FB05E1}
		{CCB059D5-C1C6-496A-9DF8-FF45DD2C074E} = {CC7FA74E-364E-4FA3-AB14-71A8A2FB05E1}
		{75DD0185-0389-458B-9DED-E4D651862282} = {CC7FA74E-364E-4FA3-AB14-71A8A2FB05E1}
		{F047B360-CB71-46CF-8363-65108368A706} = {7EC3A5D8-E845-42C9-BC90-B54BDDE6EBE8}
		{783B6364-64B2-4BC0-9F5B-23DDC2E90C64} = {F047B360-CB71-46CF-8363-65108368A706}
		{CCD9EA53-4672-4653-9530-024A3F98B27D} = {E72C292E-3FF0-47BE-9817-B5B99EF28FD7}
		{301D01A7-5171-4529-8F48-10F2BCDC76AD} = {CCD9EA53-4672-4653-9530-024A3F98B27D}
		{0BD08ACB-5C23-4F28-9EA7-64098E9C4A57} = {E72C292E-3FF0-47BE-9817-B5B99EF28FD7}
		{9D4C492B-D6BB-4869-B15A-47075CE1CE0C} = {0BD08ACB-5C23-4F28-9EA7-64098E9C4A57}
		{AD6DC1E8-4254-49DC-81FB-096FBE240797} = {E72C292E-3FF0-47BE-9817-B5B99EF28FD7}
		{F9737CAD-83E8-4717-9206-6A60EAC3EF64} = {AD6DC1E8-4254-49DC-81FB-096FBE240797}
		{0BA30C73-4221-4996-B306-B55F258755C1} = {E72C292E-3FF0-47BE-9817-B5B99EF28FD7}
		{D9BE5ACE-F954-49E3-9360-FD261C60C426} = {0BA30C73-4221-4996-B306-B55F258755C1}
		{E6297D8F-E795-41C3-AE98-651355F4FEED} = {E72C292E-3FF0-47BE-9817-B5B99EF28FD7}
		{7C751552-DE69-4087-B914-62FBEDDEF4FF} = {E6297D8F-E795-41C3-AE98-651355F4FEED}
		{595688AE-BAF8-459F-BFB5-1AF2635FFAB5} = {E6297D8F-E795-41C3-AE98-651355F4FEED}
		{4597CFAE-86FD-4508-BD42-6C96EAC7884A} = {E6297D8F-E795-41C3-AE98-651355F4FEED}
		{BA60AE5E-0BF7-42AA-BEBE-2F72E2131213} = {E6297D8F-E795-41C3-AE98-651355F4FEED}
		{BD65D2CA-305D-46D7-AAF2-B320FAFD97BF} = {E72C292E-3FF0-47BE-9817-B5B99EF28FD7}
		{B074F817-F80C-45DF-8221-1C1D8480F6C5} = {BD65D2CA-305D-46D7-AAF2-B320FAFD97BF}
	EndGlobalSection
	GlobalSection(ExtensibilityGlobals) = postSolution
		SolutionGuid = {38D6B73B-DE0F-4CF3-A4F5-DDFA1C63C499}
	EndGlobalSection
EndGlobal
